
Microsoft Visual Studio Solution File, Format Version 12.00
# Visual Studio Version 16
VisualStudioVersion = 16.0.32228.343
MinimumVisualStudioVersion = 10.0.40219.1
Project("{FAE04EC0-301F-11D3-BF4B-00C04F79EFBC}") = "LogUtils", "LogUtils\LogUtils.csproj", "{0503A670-FAB7-4029-8691-4A0DB76C311F}"
EndProject
Project("{FAE04EC0-301F-11D3-BF4B-00C04F79EFBC}") = "ServerLogTest", "ServerLogTest\ServerLogTest.csproj", "{98D4A440-4BAC-4968-9E59-F2C69AF9F854}"
EndProject
Global
	GlobalSection(SolutionConfigurationPlatforms) = preSolution
		Debug|Any CPU = Debug|Any CPU
		Release|Any CPU = Release|Any CPU
	EndGlobalSection
	GlobalSection(ProjectConfigurationPlatforms) = postSolution
		{0503A670-FAB7-4029-8691-4A0DB76C311F}.Debug|Any CPU.ActiveCfg = Debug|Any CPU
		{0503A670-FAB7-4029-8691-4A0DB76C311F}.Debug|Any CPU.Build.0 = Debug|Any CPU
		{0503A670-FAB7-4029-8691-4A0DB76C311F}.Release|Any CPU.ActiveCfg = Release|Any CPU
		{0503A670-FAB7-4029-8691-4A0DB76C311F}.Release|Any CPU.Build.0 = Release|Any CPU
		{98D4A440-4BAC-4968-9E59-F2C69AF9F854}.Debug|Any CPU.ActiveCfg = Debug|Any CPU
		{98D4A440-4BAC-4968-9E59-F2C69AF9F854}.Debug|Any CPU.Build.0 = Debug|Any CPU
		{98D4A440-4BAC-4968-9E59-F2C69AF9F854}.Release|Any CPU.ActiveCfg = Release|Any CPU
		{98D4A440-4BAC-4968-9E59-F2C69AF9F854}.Release|Any CPU.Build.0 = Release|Any CPU
	EndGlobalSection
	GlobalSection(SolutionProperties) = preSolution
		HideSolutionNode = FALSE
	EndGlobalSection
	GlobalSection(ExtensibilityGlobals) = postSolution
		SolutionGuid = {A9C536AC-3423-44B0-AFB1-E836B6C3E904}
	EndGlobalSection
EndGlobal
